
Microsoft Visual Studio Solution File, Format Version 12.00
# Visual Studio Version 16
VisualStudioVersion = 16.0.31112.23
MinimumVisualStudioVersion = 10.0.40219.1
Project("{FAE04EC0-301F-11D3-BF4B-00C04F79EFBC}") = "Beacon.Web", "Beacon.Web\Beacon.Web.csproj", "{D6415B76-B3E1-4420-8073-C23657F93B52}"
EndProject
Global
	GlobalSection(SolutionConfigurationPlatforms) = preSolution
		Debug|Any CPU = Debug|Any CPU
		Release|Any CPU = Release|Any CPU
	EndGlobalSection
	GlobalSection(ProjectConfigurationPlatforms) = postSolution
		{D6415B76-B3E1-4420-8073-C23657F93B52}.Debug|Any CPU.ActiveCfg = Debug|Any CPU
		{D6415B76-B3E1-4420-8073-C23657F93B52}.Debug|Any CPU.Build.0 = Debug|Any CPU
		{D6415B76-B3E1-4420-8073-C23657F93B52}.Release|Any CPU.ActiveCfg = Release|Any CPU
		{D6415B76-B3E1-4420-8073-C23657F93B52}.Release|Any CPU.Build.0 = Release|Any CPU
	EndGlobalSection
	GlobalSection(SolutionProperties) = preSolution
		HideSolutionNode = FALSE
	EndGlobalSection
	GlobalSection(ExtensibilityGlobals) = postSolution
		SolutionGuid = {BC5E0937-571E-4447-B86E-FACA603382D8}
	EndGlobalSection
EndGlobal
